
Microsoft Visual Studio Solution File, Format Version 12.00
# Visual Studio Version 17
VisualStudioVersion = 17.13.35828.75
MinimumVisualStudioVersion = 10.0.40219.1
Project("{FAE04EC0-301F-11D3-BF4B-00C04F79EFBC}") = "CourierApp", "CourierApp.csproj", "{748EE782-704D-499F-97AA-835C4E14BCC7}"
EndProject
Project("{FAE04EC0-301F-11D3-BF4B-00C04F79EFBC}") = "API-server", "..\API-server\API-server.csproj", "{AD5F3B86-FF6F-D99F-CF53-2E144C91A816}"
EndProject
Global
	GlobalSection(SolutionConfigurationPlatforms) = preSolution
		Debug|Any CPU = Debug|Any CPU
		Release|Any CPU = Release|Any CPU
	EndGlobalSection
	GlobalSection(ProjectConfigurationPlatforms) = postSolution
		{748EE782-704D-499F-97AA-835C4E14BCC7}.Debug|Any CPU.ActiveCfg = Debug|Any CPU
		{748EE782-704D-499F-97AA-835C4E14BCC7}.Debug|Any CPU.Build.0 = Debug|Any CPU
		{748EE782-704D-499F-97AA-835C4E14BCC7}.Release|Any CPU.ActiveCfg = Release|Any CPU
		{748EE782-704D-499F-97AA-835C4E14BCC7}.Release|Any CPU.Build.0 = Release|Any CPU
		{AD5F3B86-FF6F-D99F-CF53-2E144C91A816}.Debug|Any CPU.ActiveCfg = Debug|Any CPU
		{AD5F3B86-FF6F-D99F-CF53-2E144C91A816}.Debug|Any CPU.Build.0 = Debug|Any CPU
		{AD5F3B86-FF6F-D99F-CF53-2E144C91A816}.Release|Any CPU.ActiveCfg = Release|Any CPU
		{AD5F3B86-FF6F-D99F-CF53-2E144C91A816}.Release|Any CPU.Build.0 = Release|Any CPU
	EndGlobalSection
	GlobalSection(SolutionProperties) = preSolution
		HideSolutionNode = FALSE
	EndGlobalSection
	GlobalSection(ExtensibilityGlobals) = postSolution
		SolutionGuid = {98C906BE-43C4-4BD4-AA89-A3668E71A293}
	EndGlobalSection
EndGlobal
